// !$*UTF8*$!
{
	archiveVersion = 1;
	classes = {
	};
	objectVersion = 51;
	objects = {

/* Begin PBXBuildFile section */
		54081D50226EE760F0F07C68 /* Pods_MyChurch_ver2Tests.framework in Frameworks */ = {isa = PBXBuildFile; fileRef = D47DE40B36761BDC7B47CC98 /* Pods_MyChurch_ver2Tests.framework */; };
		68DC2489FF9D09651AAADA1A /* Pods_MyChurch_ver2.framework in Frameworks */ = {isa = PBXBuildFile; fileRef = 00844953961842747A750A7E /* Pods_MyChurch_ver2.framework */; };
		E800AF002483E72300E69836 /* SermonListTableView.swift in Sources */ = {isa = PBXBuildFile; fileRef = E800AEFE2483E72300E69836 /* SermonListTableView.swift */; };
		E800AF012483E72300E69836 /* SermonListTableView.xib in Resources */ = {isa = PBXBuildFile; fileRef = E800AEFF2483E72300E69836 /* SermonListTableView.xib */; };
		E811ACEF24C2E0F3003E61B3 /* WebLiveGet.swift in Sources */ = {isa = PBXBuildFile; fileRef = E811ACEE24C2E0F3003E61B3 /* WebLiveGet.swift */; };
		E811ACF124C2ED51003E61B3 /* FIreStoreData.swift in Sources */ = {isa = PBXBuildFile; fileRef = E811ACF024C2ED51003E61B3 /* FIreStoreData.swift */; };
		E820FB0424B2FFC700577717 /* MyChurch_ver2UITests.swift in Sources */ = {isa = PBXBuildFile; fileRef = E820FB0324B2FFC700577717 /* MyChurch_ver2UITests.swift */; };
		E83DCA1604AACAC663421F4E /* Pods_MyChurch_ver2_MyChurch_ver2UITests.framework in Frameworks */ = {isa = PBXBuildFile; fileRef = 9C9E412D9325C577C17484FA /* Pods_MyChurch_ver2_MyChurch_ver2UITests.framework */; };
		E840DE8A24D871940095DB6D /* SermonViewControllerSub.swift in Sources */ = {isa = PBXBuildFile; fileRef = E840DE8924D871940095DB6D /* SermonViewControllerSub.swift */; };
		E8467388245ED77400256D01 /* CustomMoreButton.swift in Sources */ = {isa = PBXBuildFile; fileRef = E8467387245ED77400256D01 /* CustomMoreButton.swift */; };
		E846738C245EDAC800256D01 /* CustomCloseButton.swift in Sources */ = {isa = PBXBuildFile; fileRef = E846738B245EDAC800256D01 /* CustomCloseButton.swift */; };
		E84966C4245DC19100BBD851 /* AppDelegate.swift in Sources */ = {isa = PBXBuildFile; fileRef = E84966C3245DC19100BBD851 /* AppDelegate.swift */; };
		E84966C6245DC19100BBD851 /* SceneDelegate.swift in Sources */ = {isa = PBXBuildFile; fileRef = E84966C5245DC19100BBD851 /* SceneDelegate.swift */; };
		E84966CB245DC19100BBD851 /* Main.storyboard in Resources */ = {isa = PBXBuildFile; fileRef = E84966C9245DC19100BBD851 /* Main.storyboard */; };
		E84966CD245DC19300BBD851 /* Assets.xcassets in Resources */ = {isa = PBXBuildFile; fileRef = E84966CC245DC19300BBD851 /* Assets.xcassets */; };
		E84966D0245DC19300BBD851 /* LaunchScreen.storyboard in Resources */ = {isa = PBXBuildFile; fileRef = E84966CE245DC19300BBD851 /* LaunchScreen.storyboard */; };
		E84966DB245DC19300BBD851 /* MyChurch_ver2Tests.swift in Sources */ = {isa = PBXBuildFile; fileRef = E84966DA245DC19300BBD851 /* MyChurch_ver2Tests.swift */; };
		E84966EE245DD45500BBD851 /* NewsViewController.swift in Sources */ = {isa = PBXBuildFile; fileRef = E84966ED245DD45500BBD851 /* NewsViewController.swift */; };
		E84966F0245DD47100BBD851 /* ColumnViewController.swift in Sources */ = {isa = PBXBuildFile; fileRef = E84966EF245DD47100BBD851 /* ColumnViewController.swift */; };
		E84966F2245DD47F00BBD851 /* ChurchInfoViewController.swift in Sources */ = {isa = PBXBuildFile; fileRef = E84966F1245DD47F00BBD851 /* ChurchInfoViewController.swift */; };
		E855078E24F49E2800CCC302 /* SettingViewController.swift in Sources */ = {isa = PBXBuildFile; fileRef = E855078D24F49E2800CCC302 /* SettingViewController.swift */; };
		E85BECAB24E642FE00F48A85 /* MoreViewController.swift in Sources */ = {isa = PBXBuildFile; fileRef = E85BECAA24E642FE00F48A85 /* MoreViewController.swift */; };
		E85BECAD24E6432500F48A85 /* TabBarViewController.swift in Sources */ = {isa = PBXBuildFile; fileRef = E85BECAC24E6432500F48A85 /* TabBarViewController.swift */; };
		E85BECAF24E6659400F48A85 /* CalendarView.swift in Sources */ = {isa = PBXBuildFile; fileRef = E85BECAE24E6659400F48A85 /* CalendarView.swift */; };
		E85BECB224E83E6E00F48A85 /* OfferingView.swift in Sources */ = {isa = PBXBuildFile; fileRef = E85BECB124E83E6E00F48A85 /* OfferingView.swift */; };
		E85BECB424E83E9500F48A85 /* ChurchVolunteerView.swift in Sources */ = {isa = PBXBuildFile; fileRef = E85BECB324E83E9500F48A85 /* ChurchVolunteerView.swift */; };
		E85BECB724E942F100F48A85 /* OfferingTableViewCell.swift in Sources */ = {isa = PBXBuildFile; fileRef = E85BECB524E942F100F48A85 /* OfferingTableViewCell.swift */; };
		E85BECB824E942F100F48A85 /* OfferingTableViewCell.xib in Resources */ = {isa = PBXBuildFile; fileRef = E85BECB624E942F100F48A85 /* OfferingTableViewCell.xib */; };
		E85BECDC24E9615200F48A85 /* LoadingView.swift in Sources */ = {isa = PBXBuildFile; fileRef = E85BECDB24E9615200F48A85 /* LoadingView.swift */; };
		E85BECDF24E9617100F48A85 /* loading.json in Resources */ = {isa = PBXBuildFile; fileRef = E85BECDE24E9617100F48A85 /* loading.json */; };
		E85BECE224EA3E5000F48A85 /* CalendarTableView.swift in Sources */ = {isa = PBXBuildFile; fileRef = E85BECE124EA3E5000F48A85 /* CalendarTableView.swift */; };
		E85BECE824EADBBA00F48A85 /* loading2.json in Resources */ = {isa = PBXBuildFile; fileRef = E85BECE724EADBBA00F48A85 /* loading2.json */; };
		E8899C9624C450D0009490C6 /* WebKit.framework in Frameworks */ = {isa = PBXBuildFile; fileRef = E8899C9524C450D0009490C6 /* WebKit.framework */; };
		E89AF51A24F2B06800082AF1 /* GoogleService-Info.plist in Resources */ = {isa = PBXBuildFile; fileRef = E89AF51924F2B06800082AF1 /* GoogleService-Info.plist */; };
		E89D89AF24BA0B5E00594B83 /* OldDataViewController.swift in Sources */ = {isa = PBXBuildFile; fileRef = E89D89AE24BA0B5E00594B83 /* OldDataViewController.swift */; };
		E89D89B524BDEFE300594B83 /* TableViewCell.swift in Sources */ = {isa = PBXBuildFile; fileRef = E89D89B424BDEFE300594B83 /* TableViewCell.swift */; };
		E8ACCA8724EE091300C72D17 /* CustomVerticalSegue.swift in Sources */ = {isa = PBXBuildFile; fileRef = E8ACCA8624EE091300C72D17 /* CustomVerticalSegue.swift */; };
		E8ACCA8924EE096800C72D17 /* CalendarSubViewController.swift in Sources */ = {isa = PBXBuildFile; fileRef = E8ACCA8824EE096700C72D17 /* CalendarSubViewController.swift */; };
		E8ACCA9524EF732D00C72D17 /* AdMainViewController.swift in Sources */ = {isa = PBXBuildFile; fileRef = E8ACCA9424EF732D00C72D17 /* AdMainViewController.swift */; };
		E8ACCA9724EFC24900C72D17 /* AdContentViewController.swift in Sources */ = {isa = PBXBuildFile; fileRef = E8ACCA9624EFC24900C72D17 /* AdContentViewController.swift */; };
		E8ACCA9924EFC9DF00C72D17 /* ExAdMainViewController.swift in Sources */ = {isa = PBXBuildFile; fileRef = E8ACCA9824EFC9DF00C72D17 /* ExAdMainViewController.swift */; };
		E8B7663624BECADC0050B394 /* OldSermonViewController.swift in Sources */ = {isa = PBXBuildFile; fileRef = E8B7663524BECADC0050B394 /* OldSermonViewController.swift */; };
		E8C73343248897C2006AF284 /* LocationViewController.swift in Sources */ = {isa = PBXBuildFile; fileRef = E8C73342248897C2006AF284 /* LocationViewController.swift */; };
		E8C73345248898AE006AF284 /* ListViewController.swift in Sources */ = {isa = PBXBuildFile; fileRef = E8C73344248898AE006AF284 /* ListViewController.swift */; };
		E8E05F3424630B7400F6FB2B /* NewsTableViewCell.swift in Sources */ = {isa = PBXBuildFile; fileRef = E8E05F3324630B7400F6FB2B /* NewsTableViewCell.swift */; };
		E8E05F3B246396F700F6FB2B /* SermonTableViewCell.swift in Sources */ = {isa = PBXBuildFile; fileRef = E8E05F39246396F700F6FB2B /* SermonTableViewCell.swift */; };
		E8E05F3C246396F700F6FB2B /* SermonTableViewCell.xib in Resources */ = {isa = PBXBuildFile; fileRef = E8E05F3A246396F700F6FB2B /* SermonTableViewCell.xib */; };
		E8FAE48B24D257500043CA62 /* MainViewController.swift in Sources */ = {isa = PBXBuildFile; fileRef = E8FAE48A24D257500043CA62 /* MainViewController.swift */; };
		E8FAE48E24D257980043CA62 /* ViewConstraints.swift in Sources */ = {isa = PBXBuildFile; fileRef = E8FAE48D24D257980043CA62 /* ViewConstraints.swift */; };
		E8FAE49024D257BB0043CA62 /* TranslateAutoResizing.swift in Sources */ = {isa = PBXBuildFile; fileRef = E8FAE48F24D257BB0043CA62 /* TranslateAutoResizing.swift */; };
/* End PBXBuildFile section */

/* Begin PBXContainerItemProxy section */
		E820FB0624B2FFC700577717 /* PBXContainerItemProxy */ = {
			isa = PBXContainerItemProxy;
			containerPortal = E84966B8245DC19100BBD851 /* Project object */;
			proxyType = 1;
			remoteGlobalIDString = E84966BF245DC19100BBD851;
			remoteInfo = MyChurch_ver2;
		};
		E84966D7245DC19300BBD851 /* PBXContainerItemProxy */ = {
			isa = PBXContainerItemProxy;
			containerPortal = E84966B8245DC19100BBD851 /* Project object */;
			proxyType = 1;
			remoteGlobalIDString = E84966BF245DC19100BBD851;
			remoteInfo = MyChurch_ver2;
		};
/* End PBXContainerItemProxy section */

/* Begin PBXFileReference section */
		00844953961842747A750A7E /* Pods_MyChurch_ver2.framework */ = {isa = PBXFileReference; explicitFileType = wrapper.framework; includeInIndex = 0; path = Pods_MyChurch_ver2.framework; sourceTree = BUILT_PRODUCTS_DIR; };
		53B09813413DE2C9DB004632 /* Pods-MyChurch_ver2Tests.release.xcconfig */ = {isa = PBXFileReference; includeInIndex = 1; lastKnownFileType = text.xcconfig; name = "Pods-MyChurch_ver2Tests.release.xcconfig"; path = "Target Support Files/Pods-MyChurch_ver2Tests/Pods-MyChurch_ver2Tests.release.xcconfig"; sourceTree = "<group>"; };
		5C96636CE0B04D5C04FB81A7 /* Pods-MyChurch_ver2Tests.debug.xcconfig */ = {isa = PBXFileReference; includeInIndex = 1; lastKnownFileType = text.xcconfig; name = "Pods-MyChurch_ver2Tests.debug.xcconfig"; path = "Target Support Files/Pods-MyChurch_ver2Tests/Pods-MyChurch_ver2Tests.debug.xcconfig"; sourceTree = "<group>"; };
		6B166DC9C77A8C0C3833D52C /* Pods-MyChurch_ver2.debug.xcconfig */ = {isa = PBXFileReference; includeInIndex = 1; lastKnownFileType = text.xcconfig; name = "Pods-MyChurch_ver2.debug.xcconfig"; path = "Target Support Files/Pods-MyChurch_ver2/Pods-MyChurch_ver2.debug.xcconfig"; sourceTree = "<group>"; };
		9C9E412D9325C577C17484FA /* Pods_MyChurch_ver2_MyChurch_ver2UITests.framework */ = {isa = PBXFileReference; explicitFileType = wrapper.framework; includeInIndex = 0; path = Pods_MyChurch_ver2_MyChurch_ver2UITests.framework; sourceTree = BUILT_PRODUCTS_DIR; };
		D11C3F1410E6DB46590D5594 /* Pods-MyChurch_ver2-MyChurch_ver2UITests.debug.xcconfig */ = {isa = PBXFileReference; includeInIndex = 1; lastKnownFileType = text.xcconfig; name = "Pods-MyChurch_ver2-MyChurch_ver2UITests.debug.xcconfig"; path = "Target Support Files/Pods-MyChurch_ver2-MyChurch_ver2UITests/Pods-MyChurch_ver2-MyChurch_ver2UITests.debug.xcconfig"; sourceTree = "<group>"; };
		D47DE40B36761BDC7B47CC98 /* Pods_MyChurch_ver2Tests.framework */ = {isa = PBXFileReference; explicitFileType = wrapper.framework; includeInIndex = 0; path = Pods_MyChurch_ver2Tests.framework; sourceTree = BUILT_PRODUCTS_DIR; };
		E800AEFE2483E72300E69836 /* SermonListTableView.swift */ = {isa = PBXFileReference; lastKnownFileType = sourcecode.swift; path = SermonListTableView.swift; sourceTree = "<group>"; };
		E800AEFF2483E72300E69836 /* SermonListTableView.xib */ = {isa = PBXFileReference; lastKnownFileType = file.xib; path = SermonListTableView.xib; sourceTree = "<group>"; };
		E811ACEE24C2E0F3003E61B3 /* WebLiveGet.swift */ = {isa = PBXFileReference; lastKnownFileType = sourcecode.swift; path = WebLiveGet.swift; sourceTree = "<group>"; };
		E811ACF024C2ED51003E61B3 /* FIreStoreData.swift */ = {isa = PBXFileReference; lastKnownFileType = sourcecode.swift; path = FIreStoreData.swift; sourceTree = "<group>"; };
		E820FB0124B2FFC700577717 /* MyChurch_ver2UITests.xctest */ = {isa = PBXFileReference; explicitFileType = wrapper.cfbundle; includeInIndex = 0; path = MyChurch_ver2UITests.xctest; sourceTree = BUILT_PRODUCTS_DIR; };
		E820FB0324B2FFC700577717 /* MyChurch_ver2UITests.swift */ = {isa = PBXFileReference; lastKnownFileType = sourcecode.swift; path = MyChurch_ver2UITests.swift; sourceTree = "<group>"; };
		E820FB0524B2FFC700577717 /* Info.plist */ = {isa = PBXFileReference; lastKnownFileType = text.plist.xml; path = Info.plist; sourceTree = "<group>"; };
		E840DE8924D871940095DB6D /* SermonViewControllerSub.swift */ = {isa = PBXFileReference; lastKnownFileType = sourcecode.swift; path = SermonViewControllerSub.swift; sourceTree = "<group>"; };
		E8467387245ED77400256D01 /* CustomMoreButton.swift */ = {isa = PBXFileReference; lastKnownFileType = sourcecode.swift; path = CustomMoreButton.swift; sourceTree = "<group>"; };
		E846738B245EDAC800256D01 /* CustomCloseButton.swift */ = {isa = PBXFileReference; lastKnownFileType = sourcecode.swift; path = CustomCloseButton.swift; sourceTree = "<group>"; };
		E84966C0245DC19100BBD851 /* MyChurch_ver2.app */ = {isa = PBXFileReference; explicitFileType = wrapper.application; includeInIndex = 0; path = MyChurch_ver2.app; sourceTree = BUILT_PRODUCTS_DIR; };
		E84966C3245DC19100BBD851 /* AppDelegate.swift */ = {isa = PBXFileReference; lastKnownFileType = sourcecode.swift; path = AppDelegate.swift; sourceTree = "<group>"; };
		E84966C5245DC19100BBD851 /* SceneDelegate.swift */ = {isa = PBXFileReference; lastKnownFileType = sourcecode.swift; path = SceneDelegate.swift; sourceTree = "<group>"; };
		E84966CA245DC19100BBD851 /* Base */ = {isa = PBXFileReference; lastKnownFileType = file.storyboard; name = Base; path = Base.lproj/Main.storyboard; sourceTree = "<group>"; };
		E84966CC245DC19300BBD851 /* Assets.xcassets */ = {isa = PBXFileReference; lastKnownFileType = folder.assetcatalog; path = Assets.xcassets; sourceTree = "<group>"; };
		E84966CF245DC19300BBD851 /* Base */ = {isa = PBXFileReference; lastKnownFileType = file.storyboard; name = Base; path = Base.lproj/LaunchScreen.storyboard; sourceTree = "<group>"; };
		E84966D1245DC19300BBD851 /* Info.plist */ = {isa = PBXFileReference; lastKnownFileType = text.plist.xml; path = Info.plist; sourceTree = "<group>"; };
		E84966D6245DC19300BBD851 /* MyChurch_ver2Tests.xctest */ = {isa = PBXFileReference; explicitFileType = wrapper.cfbundle; includeInIndex = 0; path = MyChurch_ver2Tests.xctest; sourceTree = BUILT_PRODUCTS_DIR; };
		E84966DA245DC19300BBD851 /* MyChurch_ver2Tests.swift */ = {isa = PBXFileReference; lastKnownFileType = sourcecode.swift; path = MyChurch_ver2Tests.swift; sourceTree = "<group>"; };
		E84966DC245DC19300BBD851 /* Info.plist */ = {isa = PBXFileReference; lastKnownFileType = text.plist.xml; path = Info.plist; sourceTree = "<group>"; };
		E84966ED245DD45500BBD851 /* NewsViewController.swift */ = {isa = PBXFileReference; lastKnownFileType = sourcecode.swift; path = NewsViewController.swift; sourceTree = "<group>"; };
		E84966EF245DD47100BBD851 /* ColumnViewController.swift */ = {isa = PBXFileReference; lastKnownFileType = sourcecode.swift; path = ColumnViewController.swift; sourceTree = "<group>"; };
		E84966F1245DD47F00BBD851 /* ChurchInfoViewController.swift */ = {isa = PBXFileReference; lastKnownFileType = sourcecode.swift; path = ChurchInfoViewController.swift; sourceTree = "<group>"; };
		E855078D24F49E2800CCC302 /* SettingViewController.swift */ = {isa = PBXFileReference; lastKnownFileType = sourcecode.swift; path = SettingViewController.swift; sourceTree = "<group>"; };
		E85BECAA24E642FE00F48A85 /* MoreViewController.swift */ = {isa = PBXFileReference; lastKnownFileType = sourcecode.swift; path = MoreViewController.swift; sourceTree = "<group>"; };
		E85BECAC24E6432500F48A85 /* TabBarViewController.swift */ = {isa = PBXFileReference; lastKnownFileType = sourcecode.swift; path = TabBarViewController.swift; sourceTree = "<group>"; };
		E85BECAE24E6659400F48A85 /* CalendarView.swift */ = {isa = PBXFileReference; lastKnownFileType = sourcecode.swift; path = CalendarView.swift; sourceTree = "<group>"; };
		E85BECB124E83E6E00F48A85 /* OfferingView.swift */ = {isa = PBXFileReference; lastKnownFileType = sourcecode.swift; path = OfferingView.swift; sourceTree = "<group>"; };
		E85BECB324E83E9500F48A85 /* ChurchVolunteerView.swift */ = {isa = PBXFileReference; lastKnownFileType = sourcecode.swift; path = ChurchVolunteerView.swift; sourceTree = "<group>"; };
		E85BECB524E942F100F48A85 /* OfferingTableViewCell.swift */ = {isa = PBXFileReference; lastKnownFileType = sourcecode.swift; path = OfferingTableViewCell.swift; sourceTree = "<group>"; };
		E85BECB624E942F100F48A85 /* OfferingTableViewCell.xib */ = {isa = PBXFileReference; lastKnownFileType = file.xib; path = OfferingTableViewCell.xib; sourceTree = "<group>"; };
		E85BECDB24E9615200F48A85 /* LoadingView.swift */ = {isa = PBXFileReference; lastKnownFileType = sourcecode.swift; path = LoadingView.swift; sourceTree = "<group>"; };
		E85BECDE24E9617100F48A85 /* loading.json */ = {isa = PBXFileReference; fileEncoding = 4; lastKnownFileType = text.json; path = loading.json; sourceTree = "<group>"; };
		E85BECE124EA3E5000F48A85 /* CalendarTableView.swift */ = {isa = PBXFileReference; lastKnownFileType = sourcecode.swift; path = CalendarTableView.swift; sourceTree = "<group>"; };
		E85BECE724EADBBA00F48A85 /* loading2.json */ = {isa = PBXFileReference; fileEncoding = 4; lastKnownFileType = text.json; path = loading2.json; sourceTree = "<group>"; };
		E8899C9524C450D0009490C6 /* WebKit.framework */ = {isa = PBXFileReference; lastKnownFileType = wrapper.framework; name = WebKit.framework; path = System/Library/Frameworks/WebKit.framework; sourceTree = SDKROOT; };
		E89AF51924F2B06800082AF1 /* GoogleService-Info.plist */ = {isa = PBXFileReference; lastKnownFileType = text.plist; path = "GoogleService-Info.plist"; sourceTree = SOURCE_ROOT; };
		E89D89AE24BA0B5E00594B83 /* OldDataViewController.swift */ = {isa = PBXFileReference; lastKnownFileType = sourcecode.swift; path = OldDataViewController.swift; sourceTree = "<group>"; };
		E89D89B424BDEFE300594B83 /* TableViewCell.swift */ = {isa = PBXFileReference; lastKnownFileType = sourcecode.swift; path = TableViewCell.swift; sourceTree = "<group>"; };
		E8ACCA8624EE091300C72D17 /* CustomVerticalSegue.swift */ = {isa = PBXFileReference; lastKnownFileType = sourcecode.swift; path = CustomVerticalSegue.swift; sourceTree = "<group>"; };
		E8ACCA8824EE096700C72D17 /* CalendarSubViewController.swift */ = {isa = PBXFileReference; lastKnownFileType = sourcecode.swift; path = CalendarSubViewController.swift; sourceTree = "<group>"; };
		E8ACCA9424EF732D00C72D17 /* AdMainViewController.swift */ = {isa = PBXFileReference; lastKnownFileType = sourcecode.swift; path = AdMainViewController.swift; sourceTree = "<group>"; };
		E8ACCA9624EFC24900C72D17 /* AdContentViewController.swift */ = {isa = PBXFileReference; lastKnownFileType = sourcecode.swift; path = AdContentViewController.swift; sourceTree = "<group>"; };
		E8ACCA9824EFC9DF00C72D17 /* ExAdMainViewController.swift */ = {isa = PBXFileReference; lastKnownFileType = sourcecode.swift; path = ExAdMainViewController.swift; sourceTree = "<group>"; };
		E8B7663524BECADC0050B394 /* OldSermonViewController.swift */ = {isa = PBXFileReference; lastKnownFileType = sourcecode.swift; path = OldSermonViewController.swift; sourceTree = "<group>"; };
		E8C73342248897C2006AF284 /* LocationViewController.swift */ = {isa = PBXFileReference; lastKnownFileType = sourcecode.swift; path = LocationViewController.swift; sourceTree = "<group>"; };
		E8C73344248898AE006AF284 /* ListViewController.swift */ = {isa = PBXFileReference; lastKnownFileType = sourcecode.swift; path = ListViewController.swift; sourceTree = "<group>"; };
		E8E05F3324630B7400F6FB2B /* NewsTableViewCell.swift */ = {isa = PBXFileReference; lastKnownFileType = sourcecode.swift; path = NewsTableViewCell.swift; sourceTree = "<group>"; };
		E8E05F39246396F700F6FB2B /* SermonTableViewCell.swift */ = {isa = PBXFileReference; lastKnownFileType = sourcecode.swift; path = SermonTableViewCell.swift; sourceTree = "<group>"; };
		E8E05F3A246396F700F6FB2B /* SermonTableViewCell.xib */ = {isa = PBXFileReference; lastKnownFileType = file.xib; path = SermonTableViewCell.xib; sourceTree = "<group>"; };
		E8FAE48A24D257500043CA62 /* MainViewController.swift */ = {isa = PBXFileReference; lastKnownFileType = sourcecode.swift; path = MainViewController.swift; sourceTree = "<group>"; };
		E8FAE48D24D257980043CA62 /* ViewConstraints.swift */ = {isa = PBXFileReference; lastKnownFileType = sourcecode.swift; path = ViewConstraints.swift; sourceTree = "<group>"; };
		E8FAE48F24D257BB0043CA62 /* TranslateAutoResizing.swift */ = {isa = PBXFileReference; lastKnownFileType = sourcecode.swift; path = TranslateAutoResizing.swift; sourceTree = "<group>"; };
		ED150C32356B8EE24AFD203F /* Pods-MyChurch_ver2.release.xcconfig */ = {isa = PBXFileReference; includeInIndex = 1; lastKnownFileType = text.xcconfig; name = "Pods-MyChurch_ver2.release.xcconfig"; path = "Target Support Files/Pods-MyChurch_ver2/Pods-MyChurch_ver2.release.xcconfig"; sourceTree = "<group>"; };
		F8CBEAB125567F478649CB47 /* Pods-MyChurch_ver2-MyChurch_ver2UITests.release.xcconfig */ = {isa = PBXFileReference; includeInIndex = 1; lastKnownFileType = text.xcconfig; name = "Pods-MyChurch_ver2-MyChurch_ver2UITests.release.xcconfig"; path = "Target Support Files/Pods-MyChurch_ver2-MyChurch_ver2UITests/Pods-MyChurch_ver2-MyChurch_ver2UITests.release.xcconfig"; sourceTree = "<group>"; };
/* End PBXFileReference section */

/* Begin PBXFrameworksBuildPhase section */
		E820FAFE24B2FFC700577717 /* Frameworks */ = {
			isa = PBXFrameworksBuildPhase;
			buildActionMask = 2147483647;
			files = (
				E83DCA1604AACAC663421F4E /* Pods_MyChurch_ver2_MyChurch_ver2UITests.framework in Frameworks */,
			);
			runOnlyForDeploymentPostprocessing = 0;
		};
		E84966BD245DC19100BBD851 /* Frameworks */ = {
			isa = PBXFrameworksBuildPhase;
			buildActionMask = 2147483647;
			files = (
				E8899C9624C450D0009490C6 /* WebKit.framework in Frameworks */,
				68DC2489FF9D09651AAADA1A /* Pods_MyChurch_ver2.framework in Frameworks */,
			);
			runOnlyForDeploymentPostprocessing = 0;
		};
		E84966D3245DC19300BBD851 /* Frameworks */ = {
			isa = PBXFrameworksBuildPhase;
			buildActionMask = 2147483647;
			files = (
				54081D50226EE760F0F07C68 /* Pods_MyChurch_ver2Tests.framework in Frameworks */,
			);
			runOnlyForDeploymentPostprocessing = 0;
		};
/* End PBXFrameworksBuildPhase section */

/* Begin PBXGroup section */
		80D1AEF563D940C9266406DF /* Frameworks */ = {
			isa = PBXGroup;
			children = (
				E8899C9524C450D0009490C6 /* WebKit.framework */,
				00844953961842747A750A7E /* Pods_MyChurch_ver2.framework */,
				9C9E412D9325C577C17484FA /* Pods_MyChurch_ver2_MyChurch_ver2UITests.framework */,
				D47DE40B36761BDC7B47CC98 /* Pods_MyChurch_ver2Tests.framework */,
			);
			name = Frameworks;
			sourceTree = "<group>";
		};
		AF8CC306361A1E9438B914B1 /* Pods */ = {
			isa = PBXGroup;
			children = (
				6B166DC9C77A8C0C3833D52C /* Pods-MyChurch_ver2.debug.xcconfig */,
				ED150C32356B8EE24AFD203F /* Pods-MyChurch_ver2.release.xcconfig */,
				D11C3F1410E6DB46590D5594 /* Pods-MyChurch_ver2-MyChurch_ver2UITests.debug.xcconfig */,
				F8CBEAB125567F478649CB47 /* Pods-MyChurch_ver2-MyChurch_ver2UITests.release.xcconfig */,
				5C96636CE0B04D5C04FB81A7 /* Pods-MyChurch_ver2Tests.debug.xcconfig */,
				53B09813413DE2C9DB004632 /* Pods-MyChurch_ver2Tests.release.xcconfig */,
			);
			path = Pods;
			sourceTree = "<group>";
		};
		E811ACED24C2E0D8003E61B3 /* Model */ = {
			isa = PBXGroup;
			children = (
				E811ACEE24C2E0F3003E61B3 /* WebLiveGet.swift */,
				E811ACF024C2ED51003E61B3 /* FIreStoreData.swift */,
			);
			path = Model;
			sourceTree = "<group>";
		};
		E820FB0224B2FFC700577717 /* MyChurch_ver2UITests */ = {
			isa = PBXGroup;
			children = (
				E820FB0324B2FFC700577717 /* MyChurch_ver2UITests.swift */,
				E820FB0524B2FFC700577717 /* Info.plist */,
			);
			path = MyChurch_ver2UITests;
			sourceTree = "<group>";
		};
		E8467386245ED74500256D01 /* Custom */ = {
			isa = PBXGroup;
			children = (
				E84E8CFA24F1852A00E24644 /* CustomButton */,
				E84E8CF924F184F200E24644 /* CustomTableViewCell */,
				E85BECAC24E6432500F48A85 /* TabBarViewController.swift */,
				E8ACCA8624EE091300C72D17 /* CustomVerticalSegue.swift */,
			);
			path = Custom;
			sourceTree = "<group>";
		};
		E84966B7245DC19100BBD851 = {
			isa = PBXGroup;
			children = (
				E84966C2245DC19100BBD851 /* MyChurch_ver2 */,
				E84966D9245DC19300BBD851 /* MyChurch_ver2Tests */,
				E820FB0224B2FFC700577717 /* MyChurch_ver2UITests */,
				E84966C1245DC19100BBD851 /* Products */,
				AF8CC306361A1E9438B914B1 /* Pods */,
				80D1AEF563D940C9266406DF /* Frameworks */,
			);
			sourceTree = "<group>";
		};
		E84966C1245DC19100BBD851 /* Products */ = {
			isa = PBXGroup;
			children = (
				E84966C0245DC19100BBD851 /* MyChurch_ver2.app */,
				E84966D6245DC19300BBD851 /* MyChurch_ver2Tests.xctest */,
				E820FB0124B2FFC700577717 /* MyChurch_ver2UITests.xctest */,
			);
			name = Products;
			sourceTree = "<group>";
		};
		E84966C2245DC19100BBD851 /* MyChurch_ver2 */ = {
			isa = PBXGroup;
			children = (
				E85BECDD24E9616200F48A85 /* animation */,
				E8FAE48C24D2577F0043CA62 /* Constraint */,
				E811ACED24C2E0D8003E61B3 /* Model */,
				E8467386245ED74500256D01 /* Custom */,
				E84966EA245DD41F00BBD851 /* SubViewController */,
				E84966E5245DC5BF00BBD851 /* MainViewController */,
				E84966C3245DC19100BBD851 /* AppDelegate.swift */,
				E84966C5245DC19100BBD851 /* SceneDelegate.swift */,
				E84966C9245DC19100BBD851 /* Main.storyboard */,
				E84966CC245DC19300BBD851 /* Assets.xcassets */,
				E84966CE245DC19300BBD851 /* LaunchScreen.storyboard */,
				E89AF51924F2B06800082AF1 /* GoogleService-Info.plist */,
				E84966D1245DC19300BBD851 /* Info.plist */,
			);
			path = MyChurch_ver2;
			sourceTree = "<group>";
		};
		E84966D9245DC19300BBD851 /* MyChurch_ver2Tests */ = {
			isa = PBXGroup;
			children = (
				E84966DA245DC19300BBD851 /* MyChurch_ver2Tests.swift */,
				E84966DC245DC19300BBD851 /* Info.plist */,
			);
			path = MyChurch_ver2Tests;
			sourceTree = "<group>";
		};
		E84966E5245DC5BF00BBD851 /* MainViewController */ = {
			isa = PBXGroup;
			children = (
				E8ACCA9324EF730900C72D17 /* SubMainViewController */,
				E85BECB024E83E1B00F48A85 /* SubMoreViewController */,
				E8FAE48A24D257500043CA62 /* MainViewController.swift */,
				E85BECAA24E642FE00F48A85 /* MoreViewController.swift */,
			);
			path = MainViewController;
			sourceTree = "<group>";
		};
		E84966EA245DD41F00BBD851 /* SubViewController */ = {
			isa = PBXGroup;
			children = (
				E84E8CFC24F1857100E24644 /* DataView */,
				E84E8CFB24F1855B00E24644 /* ChurchInfo */,
				E840DE8924D871940095DB6D /* SermonViewControllerSub.swift */,
				E84966ED245DD45500BBD851 /* NewsViewController.swift */,
				E84966EF245DD47100BBD851 /* ColumnViewController.swift */,
			);
			path = SubViewController;
			sourceTree = "<group>";
		};
		E84E8CF924F184F200E24644 /* CustomTableViewCell */ = {
			isa = PBXGroup;
			children = (
				E89D89B424BDEFE300594B83 /* TableViewCell.swift */,
				E85BECB524E942F100F48A85 /* OfferingTableViewCell.swift */,
				E85BECB624E942F100F48A85 /* OfferingTableViewCell.xib */,
				E800AEFE2483E72300E69836 /* SermonListTableView.swift */,
				E800AEFF2483E72300E69836 /* SermonListTableView.xib */,
				E8E05F3324630B7400F6FB2B /* NewsTableViewCell.swift */,
				E8E05F39246396F700F6FB2B /* SermonTableViewCell.swift */,
				E8E05F3A246396F700F6FB2B /* SermonTableViewCell.xib */,
			);
			path = CustomTableViewCell;
			sourceTree = "<group>";
		};
		E84E8CFA24F1852A00E24644 /* CustomButton */ = {
			isa = PBXGroup;
			children = (
				E8467387245ED77400256D01 /* CustomMoreButton.swift */,
				E846738B245EDAC800256D01 /* CustomCloseButton.swift */,
			);
			path = CustomButton;
			sourceTree = "<group>";
		};
		E84E8CFB24F1855B00E24644 /* ChurchInfo */ = {
			isa = PBXGroup;
			children = (
				E84966F1245DD47F00BBD851 /* ChurchInfoViewController.swift */,
				E8C73342248897C2006AF284 /* LocationViewController.swift */,
				E8C73344248898AE006AF284 /* ListViewController.swift */,
			);
			path = ChurchInfo;
			sourceTree = "<group>";
		};
		E84E8CFC24F1857100E24644 /* DataView */ = {
			isa = PBXGroup;
			children = (
				E89D89AE24BA0B5E00594B83 /* OldDataViewController.swift */,
				E8B7663524BECADC0050B394 /* OldSermonViewController.swift */,
			);
			path = DataView;
			sourceTree = "<group>";
		};
		E85BECB024E83E1B00F48A85 /* SubMoreViewController */ = {
			isa = PBXGroup;
			children = (
				E85BECE024EA3DAB00F48A85 /* ClaendarView */,
				E85BECB124E83E6E00F48A85 /* OfferingView.swift */,
				E85BECB324E83E9500F48A85 /* ChurchVolunteerView.swift */,
				E855078D24F49E2800CCC302 /* SettingViewController.swift */,
			);
			path = SubMoreViewController;
			sourceTree = "<group>";
		};
		E85BECDD24E9616200F48A85 /* animation */ = {
			isa = PBXGroup;
			children = (
				E85BECDB24E9615200F48A85 /* LoadingView.swift */,
				E85BECE724EADBBA00F48A85 /* loading2.json */,
				E85BECDE24E9617100F48A85 /* loading.json */,
			);
			path = animation;
			sourceTree = "<group>";
		};
		E85BECE024EA3DAB00F48A85 /* ClaendarView */ = {
			isa = PBXGroup;
			children = (
				E85BECAE24E6659400F48A85 /* CalendarView.swift */,
				E85BECE124EA3E5000F48A85 /* CalendarTableView.swift */,
				E8ACCA8824EE096700C72D17 /* CalendarSubViewController.swift */,
			);
			path = ClaendarView;
			sourceTree = "<group>";
		};
		E8ACCA9324EF730900C72D17 /* SubMainViewController */ = {
			isa = PBXGroup;
			children = (
				E8ACCA9424EF732D00C72D17 /* AdMainViewController.swift */,
				E8ACCA9624EFC24900C72D17 /* AdContentViewController.swift */,
				E8ACCA9824EFC9DF00C72D17 /* ExAdMainViewController.swift */,
			);
			path = SubMainViewController;
			sourceTree = "<group>";
		};
		E8FAE48C24D2577F0043CA62 /* Constraint */ = {
			isa = PBXGroup;
			children = (
				E8FAE48D24D257980043CA62 /* ViewConstraints.swift */,
				E8FAE48F24D257BB0043CA62 /* TranslateAutoResizing.swift */,
			);
			path = Constraint;
			sourceTree = "<group>";
		};
/* End PBXGroup section */

/* Begin PBXNativeTarget section */
		E820FB0024B2FFC700577717 /* MyChurch_ver2UITests */ = {
			isa = PBXNativeTarget;
			buildConfigurationList = E820FB0A24B2FFC700577717 /* Build configuration list for PBXNativeTarget "MyChurch_ver2UITests" */;
			buildPhases = (
				651B0B6E27A46EBE441F42CC /* [CP] Check Pods Manifest.lock */,
				E820FAFD24B2FFC700577717 /* Sources */,
				E820FAFE24B2FFC700577717 /* Frameworks */,
				E820FAFF24B2FFC700577717 /* Resources */,
				2DB074D023C8C381AB947877 /* [CP] Embed Pods Frameworks */,
			);
			buildRules = (
			);
			dependencies = (
				E820FB0724B2FFC700577717 /* PBXTargetDependency */,
			);
			name = MyChurch_ver2UITests;
			productName = MyChurch_ver2UITests;
			productReference = E820FB0124B2FFC700577717 /* MyChurch_ver2UITests.xctest */;
			productType = "com.apple.product-type.bundle.ui-testing";
		};
		E84966BF245DC19100BBD851 /* MyChurch_ver2 */ = {
			isa = PBXNativeTarget;
			buildConfigurationList = E84966DF245DC19300BBD851 /* Build configuration list for PBXNativeTarget "MyChurch_ver2" */;
			buildPhases = (
				1C5ABE0D3193DFA2071E49E6 /* [CP] Check Pods Manifest.lock */,
				E84966BC245DC19100BBD851 /* Sources */,
				E84966BD245DC19100BBD851 /* Frameworks */,
				E84966BE245DC19100BBD851 /* Resources */,
				0565F85192A58DBC5326CF10 /* [CP] Embed Pods Frameworks */,
			);
			buildRules = (
			);
			dependencies = (
			);
			name = MyChurch_ver2;
			productName = MyChurch_ver2;
			productReference = E84966C0245DC19100BBD851 /* MyChurch_ver2.app */;
			productType = "com.apple.product-type.application";
		};
		E84966D5245DC19300BBD851 /* MyChurch_ver2Tests */ = {
			isa = PBXNativeTarget;
			buildConfigurationList = E84966E2245DC19300BBD851 /* Build configuration list for PBXNativeTarget "MyChurch_ver2Tests" */;
			buildPhases = (
				A3E882A2D288B4273D4F308A /* [CP] Check Pods Manifest.lock */,
				E84966D2245DC19300BBD851 /* Sources */,
				E84966D3245DC19300BBD851 /* Frameworks */,
				E84966D4245DC19300BBD851 /* Resources */,
			);
			buildRules = (
			);
			dependencies = (
				E84966D8245DC19300BBD851 /* PBXTargetDependency */,
			);
			name = MyChurch_ver2Tests;
			productName = MyChurch_ver2Tests;
			productReference = E84966D6245DC19300BBD851 /* MyChurch_ver2Tests.xctest */;
			productType = "com.apple.product-type.bundle.unit-test";
		};
/* End PBXNativeTarget section */

/* Begin PBXProject section */
		E84966B8245DC19100BBD851 /* Project object */ = {
			isa = PBXProject;
			attributes = {
				LastSwiftUpdateCheck = 1200;
				LastUpgradeCheck = 1200;
				ORGANIZATIONNAME = "백승화";
				TargetAttributes = {
					E820FB0024B2FFC700577717 = {
						CreatedOnToolsVersion = 12.0;
						TestTargetID = E84966BF245DC19100BBD851;
					};
					E84966BF245DC19100BBD851 = {
						CreatedOnToolsVersion = 11.4.1;
					};
					E84966D5245DC19300BBD851 = {
						CreatedOnToolsVersion = 11.4.1;
						TestTargetID = E84966BF245DC19100BBD851;
					};
				};
			};
			buildConfigurationList = E84966BB245DC19100BBD851 /* Build configuration list for PBXProject "MyChurch_ver2" */;
			compatibilityVersion = "Xcode 9.3";
			developmentRegion = en;
			hasScannedForEncodings = 0;
			knownRegions = (
				en,
				Base,
			);
			mainGroup = E84966B7245DC19100BBD851;
			productRefGroup = E84966C1245DC19100BBD851 /* Products */;
			projectDirPath = "";
			projectRoot = "";
			targets = (
				E84966BF245DC19100BBD851 /* MyChurch_ver2 */,
				E84966D5245DC19300BBD851 /* MyChurch_ver2Tests */,
				E820FB0024B2FFC700577717 /* MyChurch_ver2UITests */,
			);
		};
/* End PBXProject section */

/* Begin PBXResourcesBuildPhase section */
		E820FAFF24B2FFC700577717 /* Resources */ = {
			isa = PBXResourcesBuildPhase;
			buildActionMask = 2147483647;
			files = (
			);
			runOnlyForDeploymentPostprocessing = 0;
		};
		E84966BE245DC19100BBD851 /* Resources */ = {
			isa = PBXResourcesBuildPhase;
			buildActionMask = 2147483647;
			files = (
				E85BECB824E942F100F48A85 /* OfferingTableViewCell.xib in Resources */,
				E84966D0245DC19300BBD851 /* LaunchScreen.storyboard in Resources */,
				E89AF51A24F2B06800082AF1 /* GoogleService-Info.plist in Resources */,
				E85BECDF24E9617100F48A85 /* loading.json in Resources */,
				E800AF012483E72300E69836 /* SermonListTableView.xib in Resources */,
				E84966CD245DC19300BBD851 /* Assets.xcassets in Resources */,
				E85BECE824EADBBA00F48A85 /* loading2.json in Resources */,
				E84966CB245DC19100BBD851 /* Main.storyboard in Resources */,
				E8E05F3C246396F700F6FB2B /* SermonTableViewCell.xib in Resources */,
			);
			runOnlyForDeploymentPostprocessing = 0;
		};
		E84966D4245DC19300BBD851 /* Resources */ = {
			isa = PBXResourcesBuildPhase;
			buildActionMask = 2147483647;
			files = (
			);
			runOnlyForDeploymentPostprocessing = 0;
		};
/* End PBXResourcesBuildPhase section */

/* Begin PBXShellScriptBuildPhase section */
		0565F85192A58DBC5326CF10 /* [CP] Embed Pods Frameworks */ = {
			isa = PBXShellScriptBuildPhase;
			buildActionMask = 2147483647;
			files = (
			);
			inputFileListPaths = (
				"${PODS_ROOT}/Target Support Files/Pods-MyChurch_ver2/Pods-MyChurch_ver2-frameworks-${CONFIGURATION}-input-files.xcfilelist",
			);
			name = "[CP] Embed Pods Frameworks";
			outputFileListPaths = (
				"${PODS_ROOT}/Target Support Files/Pods-MyChurch_ver2/Pods-MyChurch_ver2-frameworks-${CONFIGURATION}-output-files.xcfilelist",
			);
			runOnlyForDeploymentPostprocessing = 0;
			shellPath = /bin/sh;
			shellScript = "\"${PODS_ROOT}/Target Support Files/Pods-MyChurch_ver2/Pods-MyChurch_ver2-frameworks.sh\"\n";
			showEnvVarsInLog = 0;
		};
		1C5ABE0D3193DFA2071E49E6 /* [CP] Check Pods Manifest.lock */ = {
			isa = PBXShellScriptBuildPhase;
			buildActionMask = 2147483647;
			files = (
			);
			inputFileListPaths = (
			);
			inputPaths = (
				"${PODS_PODFILE_DIR_PATH}/Podfile.lock",
				"${PODS_ROOT}/Manifest.lock",
			);
			name = "[CP] Check Pods Manifest.lock";
			outputFileListPaths = (
			);
			outputPaths = (
				"$(DERIVED_FILE_DIR)/Pods-MyChurch_ver2-checkManifestLockResult.txt",
			);
			runOnlyForDeploymentPostprocessing = 0;
			shellPath = /bin/sh;
			shellScript = "diff \"${PODS_PODFILE_DIR_PATH}/Podfile.lock\" \"${PODS_ROOT}/Manifest.lock\" > /dev/null\nif [ $? != 0 ] ; then\n    # print error to STDERR\n    echo \"error: The sandbox is not in sync with the Podfile.lock. Run 'pod install' or update your CocoaPods installation.\" >&2\n    exit 1\nfi\n# This output is used by Xcode 'outputs' to avoid re-running this script phase.\necho \"SUCCESS\" > \"${SCRIPT_OUTPUT_FILE_0}\"\n";
			showEnvVarsInLog = 0;
		};
		2DB074D023C8C381AB947877 /* [CP] Embed Pods Frameworks */ = {
			isa = PBXShellScriptBuildPhase;
			buildActionMask = 2147483647;
			files = (
			);
			inputFileListPaths = (
				"${PODS_ROOT}/Target Support Files/Pods-MyChurch_ver2-MyChurch_ver2UITests/Pods-MyChurch_ver2-MyChurch_ver2UITests-frameworks-${CONFIGURATION}-input-files.xcfilelist",
			);
			name = "[CP] Embed Pods Frameworks";
			outputFileListPaths = (
				"${PODS_ROOT}/Target Support Files/Pods-MyChurch_ver2-MyChurch_ver2UITests/Pods-MyChurch_ver2-MyChurch_ver2UITests-frameworks-${CONFIGURATION}-output-files.xcfilelist",
			);
			runOnlyForDeploymentPostprocessing = 0;
			shellPath = /bin/sh;
			shellScript = "\"${PODS_ROOT}/Target Support Files/Pods-MyChurch_ver2-MyChurch_ver2UITests/Pods-MyChurch_ver2-MyChurch_ver2UITests-frameworks.sh\"\n";
			showEnvVarsInLog = 0;
		};
		651B0B6E27A46EBE441F42CC /* [CP] Check Pods Manifest.lock */ = {
			isa = PBXShellScriptBuildPhase;
			buildActionMask = 2147483647;
			files = (
			);
			inputFileListPaths = (
			);
			inputPaths = (
				"${PODS_PODFILE_DIR_PATH}/Podfile.lock",
				"${PODS_ROOT}/Manifest.lock",
			);
			name = "[CP] Check Pods Manifest.lock";
			outputFileListPaths = (
			);
			outputPaths = (
				"$(DERIVED_FILE_DIR)/Pods-MyChurch_ver2-MyChurch_ver2UITests-checkManifestLockResult.txt",
			);
			runOnlyForDeploymentPostprocessing = 0;
			shellPath = /bin/sh;
			shellScript = "diff \"${PODS_PODFILE_DIR_PATH}/Podfile.lock\" \"${PODS_ROOT}/Manifest.lock\" > /dev/null\nif [ $? != 0 ] ; then\n    # print error to STDERR\n    echo \"error: The sandbox is not in sync with the Podfile.lock. Run 'pod install' or update your CocoaPods installation.\" >&2\n    exit 1\nfi\n# This output is used by Xcode 'outputs' to avoid re-running this script phase.\necho \"SUCCESS\" > \"${SCRIPT_OUTPUT_FILE_0}\"\n";
			showEnvVarsInLog = 0;
		};
		A3E882A2D288B4273D4F308A /* [CP] Check Pods Manifest.lock */ = {
			isa = PBXShellScriptBuildPhase;
			buildActionMask = 2147483647;
			files = (
			);
			inputFileListPaths = (
			);
			inputPaths = (
				"${PODS_PODFILE_DIR_PATH}/Podfile.lock",
				"${PODS_ROOT}/Manifest.lock",
			);
			name = "[CP] Check Pods Manifest.lock";
			outputFileListPaths = (
			);
			outputPaths = (
				"$(DERIVED_FILE_DIR)/Pods-MyChurch_ver2Tests-checkManifestLockResult.txt",
			);
			runOnlyForDeploymentPostprocessing = 0;
			shellPath = /bin/sh;
			shellScript = "diff \"${PODS_PODFILE_DIR_PATH}/Podfile.lock\" \"${PODS_ROOT}/Manifest.lock\" > /dev/null\nif [ $? != 0 ] ; then\n    # print error to STDERR\n    echo \"error: The sandbox is not in sync with the Podfile.lock. Run 'pod install' or update your CocoaPods installation.\" >&2\n    exit 1\nfi\n# This output is used by Xcode 'outputs' to avoid re-running this script phase.\necho \"SUCCESS\" > \"${SCRIPT_OUTPUT_FILE_0}\"\n";
			showEnvVarsInLog = 0;
		};
/* End PBXShellScriptBuildPhase section */

/* Begin PBXSourcesBuildPhase section */
		E820FAFD24B2FFC700577717 /* Sources */ = {
			isa = PBXSourcesBuildPhase;
			buildActionMask = 2147483647;
			files = (
				E820FB0424B2FFC700577717 /* MyChurch_ver2UITests.swift in Sources */,
			);
			runOnlyForDeploymentPostprocessing = 0;
		};
		E84966BC245DC19100BBD851 /* Sources */ = {
			isa = PBXSourcesBuildPhase;
			buildActionMask = 2147483647;
			files = (
				E84966F0245DD47100BBD851 /* ColumnViewController.swift in Sources */,
				E8E05F3424630B7400F6FB2B /* NewsTableViewCell.swift in Sources */,
				E8ACCA8724EE091300C72D17 /* CustomVerticalSegue.swift in Sources */,
				E8B7663624BECADC0050B394 /* OldSermonViewController.swift in Sources */,
				E8E05F3B246396F700F6FB2B /* SermonTableViewCell.swift in Sources */,
				E855078E24F49E2800CCC302 /* SettingViewController.swift in Sources */,
				E89D89B524BDEFE300594B83 /* TableViewCell.swift in Sources */,
				E811ACF124C2ED51003E61B3 /* FIreStoreData.swift in Sources */,
				E85BECAF24E6659400F48A85 /* CalendarView.swift in Sources */,
				E8FAE49024D257BB0043CA62 /* TranslateAutoResizing.swift in Sources */,
				E85BECB224E83E6E00F48A85 /* OfferingView.swift in Sources */,
				E846738C245EDAC800256D01 /* CustomCloseButton.swift in Sources */,
				E8ACCA9724EFC24900C72D17 /* AdContentViewController.swift in Sources */,
				E8C73343248897C2006AF284 /* LocationViewController.swift in Sources */,
				E8C73345248898AE006AF284 /* ListViewController.swift in Sources */,
				E800AF002483E72300E69836 /* SermonListTableView.swift in Sources */,
				E84966EE245DD45500BBD851 /* NewsViewController.swift in Sources */,
				E85BECB424E83E9500F48A85 /* ChurchVolunteerView.swift in Sources */,
				E811ACEF24C2E0F3003E61B3 /* WebLiveGet.swift in Sources */,
				E85BECAD24E6432500F48A85 /* TabBarViewController.swift in Sources */,
				E85BECE224EA3E5000F48A85 /* CalendarTableView.swift in Sources */,
				E84966F2245DD47F00BBD851 /* ChurchInfoViewController.swift in Sources */,
				E8FAE48B24D257500043CA62 /* MainViewController.swift in Sources */,
				E8FAE48E24D257980043CA62 /* ViewConstraints.swift in Sources */,
				E84966C4245DC19100BBD851 /* AppDelegate.swift in Sources */,
				E8ACCA8924EE096800C72D17 /* CalendarSubViewController.swift in Sources */,
				E85BECB724E942F100F48A85 /* OfferingTableViewCell.swift in Sources */,
				E8467388245ED77400256D01 /* CustomMoreButton.swift in Sources */,
				E84966C6245DC19100BBD851 /* SceneDelegate.swift in Sources */,
				E8ACCA9524EF732D00C72D17 /* AdMainViewController.swift in Sources */,
				E840DE8A24D871940095DB6D /* SermonViewControllerSub.swift in Sources */,
				E85BECDC24E9615200F48A85 /* LoadingView.swift in Sources */,
				E85BECAB24E642FE00F48A85 /* MoreViewController.swift in Sources */,
				E8ACCA9924EFC9DF00C72D17 /* ExAdMainViewController.swift in Sources */,
				E89D89AF24BA0B5E00594B83 /* OldDataViewController.swift in Sources */,
			);
			runOnlyForDeploymentPostprocessing = 0;
		};
		E84966D2245DC19300BBD851 /* Sources */ = {
			isa = PBXSourcesBuildPhase;
			buildActionMask = 2147483647;
			files = (
				E84966DB245DC19300BBD851 /* MyChurch_ver2Tests.swift in Sources */,
			);
			runOnlyForDeploymentPostprocessing = 0;
		};
/* End PBXSourcesBuildPhase section */

/* Begin PBXTargetDependency section */
		E820FB0724B2FFC700577717 /* PBXTargetDependency */ = {
			isa = PBXTargetDependency;
			target = E84966BF245DC19100BBD851 /* MyChurch_ver2 */;
			targetProxy = E820FB0624B2FFC700577717 /* PBXContainerItemProxy */;
		};
		E84966D8245DC19300BBD851 /* PBXTargetDependency */ = {
			isa = PBXTargetDependency;
			target = E84966BF245DC19100BBD851 /* MyChurch_ver2 */;
			targetProxy = E84966D7245DC19300BBD851 /* PBXContainerItemProxy */;
		};
/* End PBXTargetDependency section */

/* Begin PBXVariantGroup section */
		E84966C9245DC19100BBD851 /* Main.storyboard */ = {
			isa = PBXVariantGroup;
			children = (
				E84966CA245DC19100BBD851 /* Base */,
			);
			name = Main.storyboard;
			sourceTree = "<group>";
		};
		E84966CE245DC19300BBD851 /* LaunchScreen.storyboard */ = {
			isa = PBXVariantGroup;
			children = (
				E84966CF245DC19300BBD851 /* Base */,
			);
			name = LaunchScreen.storyboard;
			sourceTree = "<group>";
		};
/* End PBXVariantGroup section */

/* Begin XCBuildConfiguration section */
		E820FB0824B2FFC700577717 /* Debug */ = {
			isa = XCBuildConfiguration;
			baseConfigurationReference = D11C3F1410E6DB46590D5594 /* Pods-MyChurch_ver2-MyChurch_ver2UITests.debug.xcconfig */;
			buildSettings = {
				CODE_SIGN_STYLE = Automatic;
				DEVELOPMENT_TEAM = WC7956454Y;
				INFOPLIST_FILE = MyChurch_ver2UITests/Info.plist;
				IPHONEOS_DEPLOYMENT_TARGET = 13.5;
				LD_RUNPATH_SEARCH_PATHS = (
					"$(inherited)",
					"@executable_path/Frameworks",
					"@loader_path/Frameworks",
				);
				PRODUCT_BUNDLE_IDENTIFIER = "peach.MyChurch-ver2UITests";
				PRODUCT_NAME = "$(TARGET_NAME)";
				SWIFT_VERSION = 5.0;
				TARGETED_DEVICE_FAMILY = "1,2";
				TEST_TARGET_NAME = MyChurch_ver2;
			};
			name = Debug;
		};
		E820FB0924B2FFC700577717 /* Release */ = {
			isa = XCBuildConfiguration;
			baseConfigurationReference = F8CBEAB125567F478649CB47 /* Pods-MyChurch_ver2-MyChurch_ver2UITests.release.xcconfig */;
			buildSettings = {
				CODE_SIGN_STYLE = Automatic;
				DEVELOPMENT_TEAM = WC7956454Y;
				INFOPLIST_FILE = MyChurch_ver2UITests/Info.plist;
				IPHONEOS_DEPLOYMENT_TARGET = 13.5;
				LD_RUNPATH_SEARCH_PATHS = (
					"$(inherited)",
					"@executable_path/Frameworks",
					"@loader_path/Frameworks",
				);
				PRODUCT_BUNDLE_IDENTIFIER = "peach.MyChurch-ver2UITests";
				PRODUCT_NAME = "$(TARGET_NAME)";
				SWIFT_VERSION = 5.0;
				TARGETED_DEVICE_FAMILY = "1,2";
				TEST_TARGET_NAME = MyChurch_ver2;
			};
			name = Release;
		};
		E84966DD245DC19300BBD851 /* Debug */ = {
			isa = XCBuildConfiguration;
			buildSettings = {
				ALWAYS_SEARCH_USER_PATHS = NO;
				CLANG_ANALYZER_NONNULL = YES;
				CLANG_ANALYZER_NUMBER_OBJECT_CONVERSION = YES_AGGRESSIVE;
				CLANG_CXX_LANGUAGE_STANDARD = "gnu++14";
				CLANG_CXX_LIBRARY = "libc++";
				CLANG_ENABLE_MODULES = YES;
				CLANG_ENABLE_OBJC_ARC = YES;
				CLANG_ENABLE_OBJC_WEAK = YES;
				CLANG_WARN_BLOCK_CAPTURE_AUTORELEASING = YES;
				CLANG_WARN_BOOL_CONVERSION = YES;
				CLANG_WARN_COMMA = YES;
				CLANG_WARN_CONSTANT_CONVERSION = YES;
				CLANG_WARN_DEPRECATED_OBJC_IMPLEMENTATIONS = YES;
				CLANG_WARN_DIRECT_OBJC_ISA_USAGE = YES_ERROR;
				CLANG_WARN_DOCUMENTATION_COMMENTS = YES;
				CLANG_WARN_EMPTY_BODY = YES;
				CLANG_WARN_ENUM_CONVERSION = YES;
				CLANG_WARN_INFINITE_RECURSION = YES;
				CLANG_WARN_INT_CONVERSION = YES;
				CLANG_WARN_NON_LITERAL_NULL_CONVERSION = YES;
				CLANG_WARN_OBJC_IMPLICIT_RETAIN_SELF = YES;
				CLANG_WARN_OBJC_LITERAL_CONVERSION = YES;
				CLANG_WARN_OBJC_ROOT_CLASS = YES_ERROR;
				CLANG_WARN_QUOTED_INCLUDE_IN_FRAMEWORK_HEADER = YES;
				CLANG_WARN_RANGE_LOOP_ANALYSIS = YES;
				CLANG_WARN_STRICT_PROTOTYPES = YES;
				CLANG_WARN_SUSPICIOUS_MOVE = YES;
				CLANG_WARN_UNGUARDED_AVAILABILITY = YES_AGGRESSIVE;
				CLANG_WARN_UNREACHABLE_CODE = YES;
				CLANG_WARN__DUPLICATE_METHOD_MATCH = YES;
				COPY_PHASE_STRIP = NO;
				DEBUG_INFORMATION_FORMAT = dwarf;
				ENABLE_STRICT_OBJC_MSGSEND = YES;
				ENABLE_TESTABILITY = YES;
				GCC_C_LANGUAGE_STANDARD = gnu11;
				GCC_DYNAMIC_NO_PIC = NO;
				GCC_NO_COMMON_BLOCKS = YES;
				GCC_OPTIMIZATION_LEVEL = 0;
				GCC_PREPROCESSOR_DEFINITIONS = (
					"DEBUG=1",
					"$(inherited)",
				);
				GCC_WARN_64_TO_32_BIT_CONVERSION = YES;
				GCC_WARN_ABOUT_RETURN_TYPE = YES_ERROR;
				GCC_WARN_UNDECLARED_SELECTOR = YES;
				GCC_WARN_UNINITIALIZED_AUTOS = YES_AGGRESSIVE;
				GCC_WARN_UNUSED_FUNCTION = YES;
				GCC_WARN_UNUSED_VARIABLE = YES;
				IPHONEOS_DEPLOYMENT_TARGET = 12.4;
				MTL_ENABLE_DEBUG_INFO = INCLUDE_SOURCE;
				MTL_FAST_MATH = YES;
				ONLY_ACTIVE_ARCH = YES;
				SDKROOT = iphoneos;
				SWIFT_ACTIVE_COMPILATION_CONDITIONS = DEBUG;
				SWIFT_OPTIMIZATION_LEVEL = "-Onone";
			};
			name = Debug;
		};
		E84966DE245DC19300BBD851 /* Release */ = {
			isa = XCBuildConfiguration;
			buildSettings = {
				ALWAYS_SEARCH_USER_PATHS = NO;
				CLANG_ANALYZER_NONNULL = YES;
				CLANG_ANALYZER_NUMBER_OBJECT_CONVERSION = YES_AGGRESSIVE;
				CLANG_CXX_LANGUAGE_STANDARD = "gnu++14";
				CLANG_CXX_LIBRARY = "libc++";
				CLANG_ENABLE_MODULES = YES;
				CLANG_ENABLE_OBJC_ARC = YES;
				CLANG_ENABLE_OBJC_WEAK = YES;
				CLANG_WARN_BLOCK_CAPTURE_AUTORELEASING = YES;
				CLANG_WARN_BOOL_CONVERSION = YES;
				CLANG_WARN_COMMA = YES;
				CLANG_WARN_CONSTANT_CONVERSION = YES;
				CLANG_WARN_DEPRECATED_OBJC_IMPLEMENTATIONS = YES;
				CLANG_WARN_DIRECT_OBJC_ISA_USAGE = YES_ERROR;
				CLANG_WARN_DOCUMENTATION_COMMENTS = YES;
				CLANG_WARN_EMPTY_BODY = YES;
				CLANG_WARN_ENUM_CONVERSION = YES;
				CLANG_WARN_INFINITE_RECURSION = YES;
				CLANG_WARN_INT_CONVERSION = YES;
				CLANG_WARN_NON_LITERAL_NULL_CONVERSION = YES;
				CLANG_WARN_OBJC_IMPLICIT_RETAIN_SELF = YES;
				CLANG_WARN_OBJC_LITERAL_CONVERSION = YES;
				CLANG_WARN_OBJC_ROOT_CLASS = YES_ERROR;
				CLANG_WARN_QUOTED_INCLUDE_IN_FRAMEWORK_HEADER = YES;
				CLANG_WARN_RANGE_LOOP_ANALYSIS = YES;
				CLANG_WARN_STRICT_PROTOTYPES = YES;
				CLANG_WARN_SUSPICIOUS_MOVE = YES;
				CLANG_WARN_UNGUARDED_AVAILABILITY = YES_AGGRESSIVE;
				CLANG_WARN_UNREACHABLE_CODE = YES;
				CLANG_WARN__DUPLICATE_METHOD_MATCH = YES;
				COPY_PHASE_STRIP = NO;
				DEBUG_INFORMATION_FORMAT = "dwarf-with-dsym";
				ENABLE_NS_ASSERTIONS = NO;
				ENABLE_STRICT_OBJC_MSGSEND = YES;
				GCC_C_LANGUAGE_STANDARD = gnu11;
				GCC_NO_COMMON_BLOCKS = YES;
				GCC_WARN_64_TO_32_BIT_CONVERSION = YES;
				GCC_WARN_ABOUT_RETURN_TYPE = YES_ERROR;
				GCC_WARN_UNDECLARED_SELECTOR = YES;
				GCC_WARN_UNINITIALIZED_AUTOS = YES_AGGRESSIVE;
				GCC_WARN_UNUSED_FUNCTION = YES;
				GCC_WARN_UNUSED_VARIABLE = YES;
				IPHONEOS_DEPLOYMENT_TARGET = 12.4;
				MTL_ENABLE_DEBUG_INFO = NO;
				MTL_FAST_MATH = YES;
				SDKROOT = iphoneos;
				SWIFT_COMPILATION_MODE = wholemodule;
				SWIFT_OPTIMIZATION_LEVEL = "-O";
				VALIDATE_PRODUCT = YES;
			};
			name = Release;
		};
		E84966E0245DC19300BBD851 /* Debug */ = {
			isa = XCBuildConfiguration;
			baseConfigurationReference = 6B166DC9C77A8C0C3833D52C /* Pods-MyChurch_ver2.debug.xcconfig */;
			buildSettings = {
				ASSETCATALOG_COMPILER_APPICON_NAME = AppIcon;
				CODE_SIGN_STYLE = Automatic;
				DEVELOPMENT_TEAM = WC7956454Y;
				INFOPLIST_FILE = MyChurch_ver2/Info.plist;
				IPHONEOS_DEPLOYMENT_TARGET = 12.0;
				LD_RUNPATH_SEARCH_PATHS = (
					"$(inherited)",
					"@executable_path/Frameworks",
				);
				PRODUCT_BUNDLE_IDENTIFIER = "peach.MyChurch-ver2";
				PRODUCT_NAME = "$(TARGET_NAME)";
				SWIFT_VERSION = 5.0;
				TARGETED_DEVICE_FAMILY = 1;
			};
			name = Debug;
		};
		E84966E1245DC19300BBD851 /* Release */ = {
			isa = XCBuildConfiguration;
			baseConfigurationReference = ED150C32356B8EE24AFD203F /* Pods-MyChurch_ver2.release.xcconfig */;
			buildSettings = {
				ASSETCATALOG_COMPILER_APPICON_NAME = AppIcon;
				CODE_SIGN_STYLE = Automatic;
				DEVELOPMENT_TEAM = WC7956454Y;
				INFOPLIST_FILE = MyChurch_ver2/Info.plist;
				IPHONEOS_DEPLOYMENT_TARGET = 12.0;
				LD_RUNPATH_SEARCH_PATHS = (
					"$(inherited)",
					"@executable_path/Frameworks",
				);
				PRODUCT_BUNDLE_IDENTIFIER = "peach.MyChurch-ver2";
				PRODUCT_NAME = "$(TARGET_NAME)";
				SWIFT_VERSION = 5.0;
				TARGETED_DEVICE_FAMILY = 1;
			};
			name = Release;
		};
		E84966E3245DC19300BBD851 /* Debug */ = {
			isa = XCBuildConfiguration;
			baseConfigurationReference = 5C96636CE0B04D5C04FB81A7 /* Pods-MyChurch_ver2Tests.debug.xcconfig */;
			buildSettings = {
				ALWAYS_EMBED_SWIFT_STANDARD_LIBRARIES = YES;
				BUNDLE_LOADER = "$(TEST_HOST)";
				CODE_SIGN_STYLE = Automatic;
				DEVELOPMENT_TEAM = WC7956454Y;
				INFOPLIST_FILE = MyChurch_ver2Tests/Info.plist;
				IPHONEOS_DEPLOYMENT_TARGET = 13.4;
				LD_RUNPATH_SEARCH_PATHS = (
					"$(inherited)",
					"@executable_path/Frameworks",
					"@loader_path/Frameworks",
				);
				PRODUCT_BUNDLE_IDENTIFIER = "peach.MyChurch-ver2Tests";
				PRODUCT_NAME = "$(TARGET_NAME)";
				SWIFT_VERSION = 5.0;
				TARGETED_DEVICE_FAMILY = "1,2";
				TEST_HOST = "$(BUILT_PRODUCTS_DIR)/MyChurch_ver2.app/MyChurch_ver2";
			};
			name = Debug;
		};
		E84966E4245DC19300BBD851 /* Release */ = {
			isa = XCBuildConfiguration;
			baseConfigurationReference = 53B09813413DE2C9DB004632 /* Pods-MyChurch_ver2Tests.release.xcconfig */;
			buildSettings = {
				ALWAYS_EMBED_SWIFT_STANDARD_LIBRARIES = YES;
				BUNDLE_LOADER = "$(TEST_HOST)";
				CODE_SIGN_STYLE = Automatic;
				DEVELOPMENT_TEAM = WC7956454Y;
				INFOPLIST_FILE = MyChurch_ver2Tests/Info.plist;
				IPHONEOS_DEPLOYMENT_TARGET = 13.4;
				LD_RUNPATH_SEARCH_PATHS = (
					"$(inherited)",
					"@executable_path/Frameworks",
					"@loader_path/Frameworks",
				);
				PRODUCT_BUNDLE_IDENTIFIER = "peach.MyChurch-ver2Tests";
				PRODUCT_NAME = "$(TARGET_NAME)";
				SWIFT_VERSION = 5.0;
				TARGETED_DEVICE_FAMILY = "1,2";
				TEST_HOST = "$(BUILT_PRODUCTS_DIR)/MyChurch_ver2.app/MyChurch_ver2";
			};
			name = Release;
		};
/* End XCBuildConfiguration section */

/* Begin XCConfigurationList section */
		E820FB0A24B2FFC700577717 /* Build configuration list for PBXNativeTarget "MyChurch_ver2UITests" */ = {
			isa = XCConfigurationList;
			buildConfigurations = (
				E820FB0824B2FFC700577717 /* Debug */,
				E820FB0924B2FFC700577717 /* Release */,
			);
			defaultConfigurationIsVisible = 0;
			defaultConfigurationName = Release;
		};
		E84966BB245DC19100BBD851 /* Build configuration list for PBXProject "MyChurch_ver2" */ = {
			isa = XCConfigurationList;
			buildConfigurations = (
				E84966DD245DC19300BBD851 /* Debug */,
				E84966DE245DC19300BBD851 /* Release */,
			);
			defaultConfigurationIsVisible = 0;
			defaultConfigurationName = Release;
		};
		E84966DF245DC19300BBD851 /* Build configuration list for PBXNativeTarget "MyChurch_ver2" */ = {
			isa = XCConfigurationList;
			buildConfigurations = (
				E84966E0245DC19300BBD851 /* Debug */,
				E84966E1245DC19300BBD851 /* Release */,
			);
			defaultConfigurationIsVisible = 0;
			defaultConfigurationName = Release;
		};
		E84966E2245DC19300BBD851 /* Build configuration list for PBXNativeTarget "MyChurch_ver2Tests" */ = {
			isa = XCConfigurationList;
			buildConfigurations = (
				E84966E3245DC19300BBD851 /* Debug */,
				E84966E4245DC19300BBD851 /* Release */,
			);
			defaultConfigurationIsVisible = 0;
			defaultConfigurationName = Release;
		};
/* End XCConfigurationList section */
	};
	rootObject = E84966B8245DC19100BBD851 /* Project object */;
}
